
Microsoft Visual Studio Solution File, Format Version 11.00
# Visual Studio 2010
<<<<<<< HEAD
Project("{FAE04EC0-301F-11D3-BF4B-00C04F79EFBC}") = "UnityEngine.TestRunner", "UnityEngine.TestRunner.csproj", "{09DF4D94-C020-DE28-69CE-352677EA5EB3}"
=======
<<<<<<< Updated upstream
Project("{FAE04EC0-301F-11D3-BF4B-00C04F79EFBC}") = "UnityEngine.TestRunner", "UnityEngine.TestRunner.csproj", "{944ddf09-20c0-28de-69ce-352677ea5eb3}"
=======
Project("{FAE04EC0-301F-11D3-BF4B-00C04F79EFBC}") = "Assembly-CSharp", "Assembly-CSharp.csproj", "{A05C2750-149C-84D0-5591-003FA818E5D2}"
>>>>>>> Stashed changes
>>>>>>> main
EndProject
Project("{FAE04EC0-301F-11D3-BF4B-00C04F79EFBC}") = "UnityEngine.UI", "UnityEngine.UI.csproj", "{AF2A4B23-E934-6179-61E8-D4B680C68A3F}"
EndProject
Project("{FAE04EC0-301F-11D3-BF4B-00C04F79EFBC}") = "Unity.TextMeshPro", "Unity.TextMeshPro.csproj", "{F109CB0B-AA99-0F55-8577-7DE751FFE2DB}"
EndProject
Project("{FAE04EC0-301F-11D3-BF4B-00C04F79EFBC}") = "Unity.Timeline", "Unity.Timeline.csproj", "{05C96DF9-3DA3-F7D1-5057-AAF718931AC2}"
EndProject
Project("{FAE04EC0-301F-11D3-BF4B-00C04F79EFBC}") = "Assembly-CSharp", "Assembly-CSharp.csproj", "{A05C2750-149C-84D0-5591-003FA818E5D2}"
EndProject
Project("{FAE04EC0-301F-11D3-BF4B-00C04F79EFBC}") = "UnityEditor.TestRunner", "UnityEditor.TestRunner.csproj", "{633ADCE8-88C9-CF8E-AFB7-C290190B6872}"
EndProject
Project("{FAE04EC0-301F-11D3-BF4B-00C04F79EFBC}") = "Unity.TextMeshPro.Editor", "Unity.TextMeshPro.Editor.csproj", "{5B83375B-9D84-69AC-AF4F-CCF6AB7C5C19}"
EndProject
Project("{FAE04EC0-301F-11D3-BF4B-00C04F79EFBC}") = "Unity.Timeline.Editor", "Unity.Timeline.Editor.csproj", "{8E3C5F29-A4E6-BF23-D798-3E8900E33FC3}"
EndProject
Project("{FAE04EC0-301F-11D3-BF4B-00C04F79EFBC}") = "com.unity.quicksearch", "com.unity.quicksearch.csproj", "{1C76507F-6D13-A6C3-B3B8-2993F83E36D6}"
EndProject
Project("{FAE04EC0-301F-11D3-BF4B-00C04F79EFBC}") = "Unity.2D.Sprite.Editor", "Unity.2D.Sprite.Editor.csproj", "{2798F704-DA2D-1356-FFC1-969870AE396B}"
EndProject
Project("{FAE04EC0-301F-11D3-BF4B-00C04F79EFBC}") = "UnityEditor.UI", "UnityEditor.UI.csproj", "{6F5353FA-7C54-555C-E0AC-0BBB0E380024}"
EndProject
Project("{FAE04EC0-301F-11D3-BF4B-00C04F79EFBC}") = "Unity.Rider.Editor", "Unity.Rider.Editor.csproj", "{24CCC79F-DF93-EBCD-182E-14EE8569D858}"
EndProject
Project("{FAE04EC0-301F-11D3-BF4B-00C04F79EFBC}") = "Unity.CollabProxy.Editor", "Unity.CollabProxy.Editor.csproj", "{C05CC065-A81B-3FD1-5CB4-89D9FB2A0F83}"
EndProject
Project("{FAE04EC0-301F-11D3-BF4B-00C04F79EFBC}") = "Unity.VSCode.Editor", "Unity.VSCode.Editor.csproj", "{DA228A90-E157-CF48-3A86-62C9681C38E9}"
EndProject
Project("{FAE04EC0-301F-11D3-BF4B-00C04F79EFBC}") = "Assembly-CSharp-Editor-firstpass", "Assembly-CSharp-Editor-firstpass.csproj", "{0AAFA181-CFFC-AD36-4385-9A9A06ED3ECF}"
EndProject
Project("{FAE04EC0-301F-11D3-BF4B-00C04F79EFBC}") = "Assembly-CSharp-Editor", "Assembly-CSharp-Editor.csproj", "{12BDE366-C01A-29C5-1ECF-9F7E1D5ED978}"
EndProject
Global
	GlobalSection(SolutionConfigurationPlatforms) = preSolution
		Debug|Any CPU = Debug|Any CPU
		Release|Any CPU = Release|Any CPU
	EndGlobalSection
	GlobalSection(ProjectConfigurationPlatforms) = postSolution
		{09DF4D94-C020-DE28-69CE-352677EA5EB3}.Debug|Any CPU.ActiveCfg = Debug|Any CPU
		{09DF4D94-C020-DE28-69CE-352677EA5EB3}.Debug|Any CPU.Build.0 = Debug|Any CPU
		{09DF4D94-C020-DE28-69CE-352677EA5EB3}.Release|Any CPU.ActiveCfg = Release|Any CPU
		{09DF4D94-C020-DE28-69CE-352677EA5EB3}.Release|Any CPU.Build.0 = Release|Any CPU
		{AF2A4B23-E934-6179-61E8-D4B680C68A3F}.Debug|Any CPU.ActiveCfg = Debug|Any CPU
		{AF2A4B23-E934-6179-61E8-D4B680C68A3F}.Debug|Any CPU.Build.0 = Debug|Any CPU
		{AF2A4B23-E934-6179-61E8-D4B680C68A3F}.Release|Any CPU.ActiveCfg = Release|Any CPU
		{AF2A4B23-E934-6179-61E8-D4B680C68A3F}.Release|Any CPU.Build.0 = Release|Any CPU
		{F109CB0B-AA99-0F55-8577-7DE751FFE2DB}.Debug|Any CPU.ActiveCfg = Debug|Any CPU
		{F109CB0B-AA99-0F55-8577-7DE751FFE2DB}.Debug|Any CPU.Build.0 = Debug|Any CPU
		{F109CB0B-AA99-0F55-8577-7DE751FFE2DB}.Release|Any CPU.ActiveCfg = Release|Any CPU
		{F109CB0B-AA99-0F55-8577-7DE751FFE2DB}.Release|Any CPU.Build.0 = Release|Any CPU
		{05C96DF9-3DA3-F7D1-5057-AAF718931AC2}.Debug|Any CPU.ActiveCfg = Debug|Any CPU
		{05C96DF9-3DA3-F7D1-5057-AAF718931AC2}.Debug|Any CPU.Build.0 = Debug|Any CPU
		{05C96DF9-3DA3-F7D1-5057-AAF718931AC2}.Release|Any CPU.ActiveCfg = Release|Any CPU
		{05C96DF9-3DA3-F7D1-5057-AAF718931AC2}.Release|Any CPU.Build.0 = Release|Any CPU
		{A05C2750-149C-84D0-5591-003FA818E5D2}.Debug|Any CPU.ActiveCfg = Debug|Any CPU
		{A05C2750-149C-84D0-5591-003FA818E5D2}.Debug|Any CPU.Build.0 = Debug|Any CPU
		{A05C2750-149C-84D0-5591-003FA818E5D2}.Release|Any CPU.ActiveCfg = Release|Any CPU
		{A05C2750-149C-84D0-5591-003FA818E5D2}.Release|Any CPU.Build.0 = Release|Any CPU
		{633ADCE8-88C9-CF8E-AFB7-C290190B6872}.Debug|Any CPU.ActiveCfg = Debug|Any CPU
		{633ADCE8-88C9-CF8E-AFB7-C290190B6872}.Debug|Any CPU.Build.0 = Debug|Any CPU
		{633ADCE8-88C9-CF8E-AFB7-C290190B6872}.Release|Any CPU.ActiveCfg = Release|Any CPU
		{633ADCE8-88C9-CF8E-AFB7-C290190B6872}.Release|Any CPU.Build.0 = Release|Any CPU
		{5B83375B-9D84-69AC-AF4F-CCF6AB7C5C19}.Debug|Any CPU.ActiveCfg = Debug|Any CPU
		{5B83375B-9D84-69AC-AF4F-CCF6AB7C5C19}.Debug|Any CPU.Build.0 = Debug|Any CPU
		{5B83375B-9D84-69AC-AF4F-CCF6AB7C5C19}.Release|Any CPU.ActiveCfg = Release|Any CPU
		{5B83375B-9D84-69AC-AF4F-CCF6AB7C5C19}.Release|Any CPU.Build.0 = Release|Any CPU
		{8E3C5F29-A4E6-BF23-D798-3E8900E33FC3}.Debug|Any CPU.ActiveCfg = Debug|Any CPU
		{8E3C5F29-A4E6-BF23-D798-3E8900E33FC3}.Debug|Any CPU.Build.0 = Debug|Any CPU
		{8E3C5F29-A4E6-BF23-D798-3E8900E33FC3}.Release|Any CPU.ActiveCfg = Release|Any CPU
		{8E3C5F29-A4E6-BF23-D798-3E8900E33FC3}.Release|Any CPU.Build.0 = Release|Any CPU
		{1C76507F-6D13-A6C3-B3B8-2993F83E36D6}.Debug|Any CPU.ActiveCfg = Debug|Any CPU
		{1C76507F-6D13-A6C3-B3B8-2993F83E36D6}.Debug|Any CPU.Build.0 = Debug|Any CPU
		{1C76507F-6D13-A6C3-B3B8-2993F83E36D6}.Release|Any CPU.ActiveCfg = Release|Any CPU
		{1C76507F-6D13-A6C3-B3B8-2993F83E36D6}.Release|Any CPU.Build.0 = Release|Any CPU
		{2798F704-DA2D-1356-FFC1-969870AE396B}.Debug|Any CPU.ActiveCfg = Debug|Any CPU
		{2798F704-DA2D-1356-FFC1-969870AE396B}.Debug|Any CPU.Build.0 = Debug|Any CPU
		{2798F704-DA2D-1356-FFC1-969870AE396B}.Release|Any CPU.ActiveCfg = Release|Any CPU
		{2798F704-DA2D-1356-FFC1-969870AE396B}.Release|Any CPU.Build.0 = Release|Any CPU
		{6F5353FA-7C54-555C-E0AC-0BBB0E380024}.Debug|Any CPU.ActiveCfg = Debug|Any CPU
		{6F5353FA-7C54-555C-E0AC-0BBB0E380024}.Debug|Any CPU.Build.0 = Debug|Any CPU
		{6F5353FA-7C54-555C-E0AC-0BBB0E380024}.Release|Any CPU.ActiveCfg = Release|Any CPU
		{6F5353FA-7C54-555C-E0AC-0BBB0E380024}.Release|Any CPU.Build.0 = Release|Any CPU
		{24CCC79F-DF93-EBCD-182E-14EE8569D858}.Debug|Any CPU.ActiveCfg = Debug|Any CPU
		{24CCC79F-DF93-EBCD-182E-14EE8569D858}.Debug|Any CPU.Build.0 = Debug|Any CPU
		{24CCC79F-DF93-EBCD-182E-14EE8569D858}.Release|Any CPU.ActiveCfg = Release|Any CPU
		{24CCC79F-DF93-EBCD-182E-14EE8569D858}.Release|Any CPU.Build.0 = Release|Any CPU
		{C05CC065-A81B-3FD1-5CB4-89D9FB2A0F83}.Debug|Any CPU.ActiveCfg = Debug|Any CPU
		{C05CC065-A81B-3FD1-5CB4-89D9FB2A0F83}.Debug|Any CPU.Build.0 = Debug|Any CPU
		{C05CC065-A81B-3FD1-5CB4-89D9FB2A0F83}.Release|Any CPU.ActiveCfg = Release|Any CPU
		{C05CC065-A81B-3FD1-5CB4-89D9FB2A0F83}.Release|Any CPU.Build.0 = Release|Any CPU
		{DA228A90-E157-CF48-3A86-62C9681C38E9}.Debug|Any CPU.ActiveCfg = Debug|Any CPU
		{DA228A90-E157-CF48-3A86-62C9681C38E9}.Debug|Any CPU.Build.0 = Debug|Any CPU
		{DA228A90-E157-CF48-3A86-62C9681C38E9}.Release|Any CPU.ActiveCfg = Release|Any CPU
		{DA228A90-E157-CF48-3A86-62C9681C38E9}.Release|Any CPU.Build.0 = Release|Any CPU
		{0AAFA181-CFFC-AD36-4385-9A9A06ED3ECF}.Debug|Any CPU.ActiveCfg = Debug|Any CPU
		{0AAFA181-CFFC-AD36-4385-9A9A06ED3ECF}.Debug|Any CPU.Build.0 = Debug|Any CPU
		{0AAFA181-CFFC-AD36-4385-9A9A06ED3ECF}.Release|Any CPU.ActiveCfg = Release|Any CPU
		{0AAFA181-CFFC-AD36-4385-9A9A06ED3ECF}.Release|Any CPU.Build.0 = Release|Any CPU
		{12BDE366-C01A-29C5-1ECF-9F7E1D5ED978}.Debug|Any CPU.ActiveCfg = Debug|Any CPU
		{12BDE366-C01A-29C5-1ECF-9F7E1D5ED978}.Debug|Any CPU.Build.0 = Debug|Any CPU
		{12BDE366-C01A-29C5-1ECF-9F7E1D5ED978}.Release|Any CPU.ActiveCfg = Release|Any CPU
		{12BDE366-C01A-29C5-1ECF-9F7E1D5ED978}.Release|Any CPU.Build.0 = Release|Any CPU
	EndGlobalSection
	GlobalSection(SolutionProperties) = preSolution
		HideSolutionNode = FALSE
	EndGlobalSection
EndGlobal
